<?xml version="1.0" encoding="utf-8"?>
<Project ToolsVersion="4.0" xmlns="http://schemas.microsoft.com/developer/msbuild/2003">
  <ItemGroup>
    <Filter Include="Core">
      <UniqueIdentifier>{2EB4837C-1AEB-840D-C3D7-6A10AFED000F}</UniqueIdentifier>
    </Filter>
    <Filter Include="Core\ECS">
      <UniqueIdentifier>{780F99C2-64DC-F3CD-8DF5-E1757921295C}</UniqueIdentifier>
    </Filter>
  </ItemGroup>
  <ItemGroup>
    <ClInclude Include="Core\ECS\Component.h">
      <Filter>Core\ECS</Filter>
    </ClInclude>
    <ClInclude Include="Core\ECS\TextComponent.h">
      <Filter>Core\ECS</Filter>
    </ClInclude>
    <ClInclude Include="Core\ECS\TextureRenderer.h">
      <Filter>Core\ECS</Filter>
    </ClInclude>
    <ClInclude Include="Core\ECS\TransformComponent.h">
      <Filter>Core\ECS</Filter>
    </ClInclude>
    <ClInclude Include="Engine.h" />
    <ClInclude Include="Font.h" />
    <ClInclude Include="GameObject.h" />
    <ClInclude Include="InputManager.h" />
    <ClInclude Include="Renderer.h" />
    <ClInclude Include="ResourceManager.h" />
    <ClInclude Include="Scene.h" />
    <ClInclude Include="SceneManager.h" />
    <ClInclude Include="Singleton.h" />
    <ClInclude Include="TextObject.h" />
    <ClInclude Include="Texture2D.h" />
    <ClInclude Include="Transform.h" />
    <ClInclude Include="pch.h" />
    <ClInclude Include="Core\Log.h" />
    <ClInclude Include="Core\Time.h" />
  </ItemGroup>
  <ItemGroup>
    <ClCompile Include="Core\ECS\Component.cpp">
      <Filter>Core\ECS</Filter>
    </ClCompile>
    <ClCompile Include="Core\ECS\TextComponent.cpp">
      <Filter>Core\ECS</Filter>
    </ClCompile>
    <ClCompile Include="Core\ECS\TextureRenderer.cpp">
      <Filter>Core\ECS</Filter>
    </ClCompile>
    <ClCompile Include="Core\ECS\TransformComponent.cpp">
      <Filter>Core\ECS</Filter>
    </ClCompile>
    <ClCompile Include="Engine.cpp" />
    <ClCompile Include="Font.cpp" />
    <ClCompile Include="GameObject.cpp" />
    <ClCompile Include="InputManager.cpp" />
    <ClCompile Include="Main.cpp" />
    <ClCompile Include="Renderer.cpp" />
    <ClCompile Include="ResourceManager.cpp" />
    <ClCompile Include="Scene.cpp" />
    <ClCompile Include="SceneManager.cpp" />
    <ClCompile Include="TextObject.cpp" />
    <ClCompile Include="Texture2D.cpp" />
    <ClCompile Include="Transform.cpp" />
    <ClCompile Include="pch.cpp" />
    <ClCompile Include="Core\Log.cpp" />
    <ClCompile Include="Core\Time.cpp" />
  </ItemGroup>
</Project>