<?xml version="1.0" encoding="utf-8"?>
<Project ToolsVersion="4.0" xmlns="http://schemas.microsoft.com/developer/msbuild/2003">
  <ItemGroup>
    <Filter Include="Core">
      <UniqueIdentifier>{2EB4837C-1AEB-840D-C3D7-6A10AFED000F}</UniqueIdentifier>
    </Filter>
    <Filter Include="Core\ECS">
      <UniqueIdentifier>{780F99C2-64DC-F3CD-8DF5-E1757921295C}</UniqueIdentifier>
    </Filter>
    <Filter Include="Core\ECS\Custom">
      <UniqueIdentifier>{C2008F1D-2E8C-FCE1-379D-7FD6A3A758E2}</UniqueIdentifier>
    </Filter>
  </ItemGroup>
  <ItemGroup>
    <ClInclude Include="Core\ECS\Component.h">
      <Filter>Core\ECS</Filter>
    </ClInclude>
    <ClInclude Include="Core\ECS\Custom\FPSCounter.h">
      <Filter>Core\ECS\Custom</Filter>
    </ClInclude>
    <ClInclude Include="Core\ECS\TextComponent.h">
      <Filter>Core\ECS</Filter>
    </ClInclude>
    <ClInclude Include="Core\ECS\TextureRenderer.h">
      <Filter>Core\ECS</Filter>
    </ClInclude>
    <ClInclude Include="Core\ECS\TransformComponent.h">
      <Filter>Core\ECS</Filter>
    </ClInclude>
    <ClInclude Include="Core\Log.h">
      <Filter>Core</Filter>
    </ClInclude>
    <ClInclude Include="Core\Time.h">
      <Filter>Core</Filter>
    </ClInclude>
    <ClInclude Include="Engine.h" />
    <ClInclude Include="Font.h" />
    <ClInclude Include="GameObject.h" />
    <ClInclude Include="InputManager.h" />
    <ClInclude Include="Renderer.h" />
    <ClInclude Include="ResourceManager.h" />
    <ClInclude Include="Scene.h" />
    <ClInclude Include="SceneManager.h" />
    <ClInclude Include="Singleton.h" />
    <ClInclude Include="Texture2D.h" />
    <ClInclude Include="pch.h" />
    <ClInclude Include="Core\ECS\Custom\Rotator.h">
      <Filter>Core\ECS\Custom</Filter>
    </ClInclude>
  </ItemGroup>
  <ItemGroup>
    <ClCompile Include="Core\ECS\Component.cpp">
      <Filter>Core\ECS</Filter>
    </ClCompile>
    <ClCompile Include="Core\ECS\Custom\FPSCounter.cpp">
      <Filter>Core\ECS\Custom</Filter>
    </ClCompile>
    <ClCompile Include="Core\ECS\TextComponent.cpp">
      <Filter>Core\ECS</Filter>
    </ClCompile>
    <ClCompile Include="Core\ECS\TextureRenderer.cpp">
      <Filter>Core\ECS</Filter>
    </ClCompile>
    <ClCompile Include="Core\ECS\TransformComponent.cpp">
      <Filter>Core\ECS</Filter>
    </ClCompile>
    <ClCompile Include="Core\Log.cpp">
      <Filter>Core</Filter>
    </ClCompile>
    <ClCompile Include="Core\Time.cpp">
      <Filter>Core</Filter>
    </ClCompile>
    <ClCompile Include="Engine.cpp" />
    <ClCompile Include="Font.cpp" />
    <ClCompile Include="GameObject.cpp" />
    <ClCompile Include="InputManager.cpp" />
    <ClCompile Include="Main.cpp" />
    <ClCompile Include="Renderer.cpp" />
    <ClCompile Include="ResourceManager.cpp" />
    <ClCompile Include="Scene.cpp" />
    <ClCompile Include="SceneManager.cpp" />
    <ClCompile Include="Texture2D.cpp" />
    <ClCompile Include="pch.cpp" />
    <ClCompile Include="Core\ECS\Custom\Rotator.cpp">
      <Filter>Core\ECS\Custom</Filter>
    </ClCompile>
  </ItemGroup>
</Project>