<?xml version="1.0" encoding="utf-8"?>
<Project ToolsVersion="4.0" xmlns="http://schemas.microsoft.com/developer/msbuild/2003">
  <ItemGroup>
    <Filter Include="3rdParty">
      <UniqueIdentifier>{1E6D62C3-0A3A-BDCE-3353-AB761F7FF25C}</UniqueIdentifier>
    </Filter>
    <Filter Include="3rdParty\imgui">
      <UniqueIdentifier>{08595F4B-F426-5351-DDBA-C377C9272FB6}</UniqueIdentifier>
    </Filter>
    <Filter Include="3rdParty\implot">
      <UniqueIdentifier>{62444FB7-CECF-BC7B-D7E0-3F7043EB187C}</UniqueIdentifier>
    </Filter>
    <Filter Include="Core">
      <UniqueIdentifier>{2EB4837C-1AEB-840D-C3D7-6A10AFED000F}</UniqueIdentifier>
    </Filter>
    <Filter Include="Core\ECS">
      <UniqueIdentifier>{780F99C2-64DC-F3CD-8DF5-E1757921295C}</UniqueIdentifier>
    </Filter>
    <Filter Include="Core\ECS\Custom">
      <UniqueIdentifier>{C2008F1D-2E8C-FCE1-379D-7FD6A3A758E2}</UniqueIdentifier>
    </Filter>
    <Filter Include="Core\Event">
      <UniqueIdentifier>{FF1F37CD-EBD7-781A-54DF-517640B6130B}</UniqueIdentifier>
    </Filter>
    <Filter Include="Core\Input">
      <UniqueIdentifier>{AD4E7BCD-9906-BD1A-020E-9676EEE4570B}</UniqueIdentifier>
    </Filter>
    <Filter Include="Core\Steam">
      <UniqueIdentifier>{975C33CE-8314-751B-EC1B-4E77D8F20F0C}</UniqueIdentifier>
    </Filter>
    <Filter Include="Util">
      <UniqueIdentifier>{23A78D7C-0FDE-8E0D-B8CA-7410A4E00A0F}</UniqueIdentifier>
    </Filter>
  </ItemGroup>
  <ItemGroup>
    <ClInclude Include="Core\ECS\Component.h">
      <Filter>Core\ECS</Filter>
    </ClInclude>
    <ClInclude Include="Core\ECS\Custom\FPSCounter.h">
      <Filter>Core\ECS\Custom</Filter>
    </ClInclude>
    <ClInclude Include="Core\ECS\Custom\HealthComponent.h">
      <Filter>Core\ECS\Custom</Filter>
    </ClInclude>
    <ClInclude Include="Core\ECS\Custom\HealthIndicator.h">
      <Filter>Core\ECS\Custom</Filter>
    </ClInclude>
    <ClInclude Include="Core\ECS\Custom\PointComponent.h">
      <Filter>Core\ECS\Custom</Filter>
    </ClInclude>
    <ClInclude Include="Core\ECS\Custom\PointIndicator.h">
      <Filter>Core\ECS\Custom</Filter>
    </ClInclude>
    <ClInclude Include="Core\ECS\Custom\Rotator.h">
      <Filter>Core\ECS\Custom</Filter>
    </ClInclude>
    <ClInclude Include="Core\ECS\TextComponent.h">
      <Filter>Core\ECS</Filter>
    </ClInclude>
    <ClInclude Include="Core\ECS\TextureRenderer.h">
      <Filter>Core\ECS</Filter>
    </ClInclude>
    <ClInclude Include="Core\ECS\TransformComponent.h">
      <Filter>Core\ECS</Filter>
    </ClInclude>
    <ClInclude Include="Core\Event\EventManager.h">
      <Filter>Core\Event</Filter>
    </ClInclude>
    <ClInclude Include="Core\Event\IObserver.h">
      <Filter>Core\Event</Filter>
    </ClInclude>
    <ClInclude Include="Core\Event\Subject.h">
      <Filter>Core\Event</Filter>
    </ClInclude>
    <ClInclude Include="Core\Input\Command.h">
      <Filter>Core\Input</Filter>
    </ClInclude>
    <ClInclude Include="Core\Input\DieCommand.h">
      <Filter>Core\Input</Filter>
    </ClInclude>
    <ClInclude Include="Core\Input\InputManager.h">
      <Filter>Core\Input</Filter>
    </ClInclude>
    <ClInclude Include="Core\Input\JumpCommand.h">
      <Filter>Core\Input</Filter>
    </ClInclude>
    <ClInclude Include="Core\Input\MoveCommands.h">
      <Filter>Core\Input</Filter>
    </ClInclude>
    <ClInclude Include="Core\Input\PointCommand.h">
      <Filter>Core\Input</Filter>
    </ClInclude>
    <ClInclude Include="Core\Input\XboxController.h">
      <Filter>Core\Input</Filter>
    </ClInclude>
    <ClInclude Include="Core\Log.h">
      <Filter>Core</Filter>
    </ClInclude>
    <ClInclude Include="Core\Steam\Achievement.h">
      <Filter>Core\Steam</Filter>
    </ClInclude>
    <ClInclude Include="Core\Steam\AchievementGlobals.h">
      <Filter>Core\Steam</Filter>
    </ClInclude>
    <ClInclude Include="Core\Steam\CSteamAchievements.h">
      <Filter>Core\Steam</Filter>
    </ClInclude>
    <ClInclude Include="Core\Time.h">
      <Filter>Core</Filter>
    </ClInclude>
    <ClInclude Include="Engine.h" />
    <ClInclude Include="Font.h" />
    <ClInclude Include="GameObject.h" />
    <ClInclude Include="Renderer.h" />
    <ClInclude Include="ResourceManager.h" />
    <ClInclude Include="Scene.h" />
    <ClInclude Include="SceneManager.h" />
    <ClInclude Include="Singleton.h" />
    <ClInclude Include="Texture2D.h" />
    <ClInclude Include="Util\OBJParser.h">
      <Filter>Util</Filter>
    </ClInclude>
    <ClInclude Include="pch.h" />
    <ClInclude Include="Core\Input\Keyboard.h" />
  </ItemGroup>
  <ItemGroup>
    <ClCompile Include="..\3rdParty\imgui\imgui.cpp">
      <Filter>3rdParty\imgui</Filter>
    </ClCompile>
    <ClCompile Include="..\3rdParty\imgui\imgui_demo.cpp">
      <Filter>3rdParty\imgui</Filter>
    </ClCompile>
    <ClCompile Include="..\3rdParty\imgui\imgui_draw.cpp">
      <Filter>3rdParty\imgui</Filter>
    </ClCompile>
    <ClCompile Include="..\3rdParty\imgui\imgui_impl_opengl2.cpp">
      <Filter>3rdParty\imgui</Filter>
    </ClCompile>
    <ClCompile Include="..\3rdParty\imgui\imgui_impl_opengl3.cpp">
      <Filter>3rdParty\imgui</Filter>
    </ClCompile>
    <ClCompile Include="..\3rdParty\imgui\imgui_impl_sdl2.cpp">
      <Filter>3rdParty\imgui</Filter>
    </ClCompile>
    <ClCompile Include="..\3rdParty\imgui\imgui_tables.cpp">
      <Filter>3rdParty\imgui</Filter>
    </ClCompile>
    <ClCompile Include="..\3rdParty\imgui\imgui_widgets.cpp">
      <Filter>3rdParty\imgui</Filter>
    </ClCompile>
    <ClCompile Include="..\3rdParty\implot\implot.cpp">
      <Filter>3rdParty\implot</Filter>
    </ClCompile>
    <ClCompile Include="..\3rdParty\implot\implot_items.cpp">
      <Filter>3rdParty\implot</Filter>
    </ClCompile>
    <ClCompile Include="Core\ECS\Component.cpp">
      <Filter>Core\ECS</Filter>
    </ClCompile>
    <ClCompile Include="Core\ECS\Custom\FPSCounter.cpp">
      <Filter>Core\ECS\Custom</Filter>
    </ClCompile>
    <ClCompile Include="Core\ECS\Custom\HealthComponent.cpp">
      <Filter>Core\ECS\Custom</Filter>
    </ClCompile>
    <ClCompile Include="Core\ECS\Custom\HealthIndicator.cpp">
      <Filter>Core\ECS\Custom</Filter>
    </ClCompile>
    <ClCompile Include="Core\ECS\Custom\PointComponent.cpp">
      <Filter>Core\ECS\Custom</Filter>
    </ClCompile>
    <ClCompile Include="Core\ECS\Custom\PointIndicator.cpp">
      <Filter>Core\ECS\Custom</Filter>
    </ClCompile>
    <ClCompile Include="Core\ECS\Custom\Rotator.cpp">
      <Filter>Core\ECS\Custom</Filter>
    </ClCompile>
    <ClCompile Include="Core\ECS\TextComponent.cpp">
      <Filter>Core\ECS</Filter>
    </ClCompile>
    <ClCompile Include="Core\ECS\TextureRenderer.cpp">
      <Filter>Core\ECS</Filter>
    </ClCompile>
    <ClCompile Include="Core\ECS\TransformComponent.cpp">
      <Filter>Core\ECS</Filter>
    </ClCompile>
    <ClCompile Include="Core\Event\EventManager.cpp">
      <Filter>Core\Event</Filter>
    </ClCompile>
    <ClCompile Include="Core\Input\Command.cpp">
      <Filter>Core\Input</Filter>
    </ClCompile>
    <ClCompile Include="Core\Input\DieCommand.cpp">
      <Filter>Core\Input</Filter>
    </ClCompile>
    <ClCompile Include="Core\Input\InputManager.cpp">
      <Filter>Core\Input</Filter>
    </ClCompile>
    <ClCompile Include="Core\Input\JumpCommand.cpp">
      <Filter>Core\Input</Filter>
    </ClCompile>
    <ClCompile Include="Core\Input\PointCommand.cpp">
      <Filter>Core\Input</Filter>
    </ClCompile>
    <ClCompile Include="Core\Input\XboxController.cpp">
      <Filter>Core\Input</Filter>
    </ClCompile>
    <ClCompile Include="Core\Log.cpp">
      <Filter>Core</Filter>
    </ClCompile>
    <ClCompile Include="Core\Steam\CSteamAchievements.cpp">
      <Filter>Core\Steam</Filter>
    </ClCompile>
    <ClCompile Include="Core\Time.cpp">
      <Filter>Core</Filter>
    </ClCompile>
    <ClCompile Include="Engine.cpp" />
    <ClCompile Include="Font.cpp" />
    <ClCompile Include="GameObject.cpp" />
    <ClCompile Include="Main.cpp" />
    <ClCompile Include="Renderer.cpp" />
    <ClCompile Include="ResourceManager.cpp" />
    <ClCompile Include="Scene.cpp" />
    <ClCompile Include="SceneManager.cpp" />
    <ClCompile Include="Texture2D.cpp" />
    <ClCompile Include="Util\OBJParser.cpp">
      <Filter>Util</Filter>
    </ClCompile>
    <ClCompile Include="pch.cpp" />
    <ClCompile Include="Core\Input\Keyboard.cpp" />
  </ItemGroup>
</Project>